
Microsoft Visual Studio Solution File, Format Version 12.00
# Visual Studio Version 16
VisualStudioVersion = 16.0.30413.136
MinimumVisualStudioVersion = 10.0.40219.1
Project("{FAE04EC0-301F-11D3-BF4B-00C04F79EFBC}") = "databasee", "databasee\databasee.csproj", "{69212264-F091-4320-88FB-85C52FD1D983}"
EndProject
Global
	GlobalSection(SolutionConfigurationPlatforms) = preSolution
		Debug|Any CPU = Debug|Any CPU
		Release|Any CPU = Release|Any CPU
	EndGlobalSection
	GlobalSection(ProjectConfigurationPlatforms) = postSolution
		{69212264-F091-4320-88FB-85C52FD1D983}.Debug|Any CPU.ActiveCfg = Debug|Any CPU
		{69212264-F091-4320-88FB-85C52FD1D983}.Debug|Any CPU.Build.0 = Debug|Any CPU
		{69212264-F091-4320-88FB-85C52FD1D983}.Release|Any CPU.ActiveCfg = Release|Any CPU
		{69212264-F091-4320-88FB-85C52FD1D983}.Release|Any CPU.Build.0 = Release|Any CPU
	EndGlobalSection
	GlobalSection(SolutionProperties) = preSolution
		HideSolutionNode = FALSE
	EndGlobalSection
	GlobalSection(ExtensibilityGlobals) = postSolution
		SolutionGuid = {B9801F47-915B-4993-B74B-186F457E3013}
	EndGlobalSection
EndGlobal
